Microsoft Visual Studio Solution File, Format Version 12.00
# Visual Studio 2012
Project("{FAE04EC0-301F-11D3-BF4B-00C04F79EFBC}") = "Metafora", "Metafora.csproj", "{6C3A707A-08F7-4FC7-8AB1-643450A3BDBA}"
EndProject
Global
	GlobalSection(SolutionConfigurationPlatforms) = preSolution
	Debug|Any CPU = Debug|Any CPU
	ExportDebug|Any CPU = ExportDebug|Any CPU
	ExportRelease|Any CPU = ExportRelease|Any CPU
	EndGlobalSection
	GlobalSection(ProjectConfigurationPlatforms) = postSolution
		{6C3A707A-08F7-4FC7-8AB1-643450A3BDBA}.Debug|Any CPU.ActiveCfg = Debug|Any CPU
		{6C3A707A-08F7-4FC7-8AB1-643450A3BDBA}.Debug|Any CPU.Build.0 = Debug|Any CPU
		{6C3A707A-08F7-4FC7-8AB1-643450A3BDBA}.ExportDebug|Any CPU.ActiveCfg = ExportDebug|Any CPU
		{6C3A707A-08F7-4FC7-8AB1-643450A3BDBA}.ExportDebug|Any CPU.Build.0 = ExportDebug|Any CPU
		{6C3A707A-08F7-4FC7-8AB1-643450A3BDBA}.ExportRelease|Any CPU.ActiveCfg = ExportRelease|Any CPU
		{6C3A707A-08F7-4FC7-8AB1-643450A3BDBA}.ExportRelease|Any CPU.Build.0 = ExportRelease|Any CPU
	EndGlobalSection
EndGlobal
